
Microsoft Visual Studio Solution File, Format Version 12.00
# Visual Studio Version 17
VisualStudioVersion = 17.11.35327.3
MinimumVisualStudioVersion = 10.0.40219.1
Project("{FAE04EC0-301F-11D3-BF4B-00C04F79EFBC}") = "BlogRazorPage", "BlogRazorPage\BlogRazorPage.csproj", "{561340DE-7BBC-42BA-B895-FECDA67832CE}"
EndProject
Global
	GlobalSection(SolutionConfigurationPlatforms) = preSolution
		Debug|Any CPU = Debug|Any CPU
		Release|Any CPU = Release|Any CPU
	EndGlobalSection
	GlobalSection(ProjectConfigurationPlatforms) = postSolution
		{561340DE-7BBC-42BA-B895-FECDA67832CE}.Debug|Any CPU.ActiveCfg = Debug|Any CPU
		{561340DE-7BBC-42BA-B895-FECDA67832CE}.Debug|Any CPU.Build.0 = Debug|Any CPU
		{561340DE-7BBC-42BA-B895-FECDA67832CE}.Release|Any CPU.ActiveCfg = Release|Any CPU
		{561340DE-7BBC-42BA-B895-FECDA67832CE}.Release|Any CPU.Build.0 = Release|Any CPU
	EndGlobalSection
	GlobalSection(SolutionProperties) = preSolution
		HideSolutionNode = FALSE
	EndGlobalSection
	GlobalSection(ExtensibilityGlobals) = postSolution
		SolutionGuid = {62F4FD2A-4333-4071-9BF1-001E10FF48C2}
	EndGlobalSection
EndGlobal
